// !$*UTF8*$!
{
	archiveVersion = 1;
	classes = {
	};
	objectVersion = 42;
	objects = {

/* Begin PBXAggregateTarget section */
		CA31B56C08337D2000C0F4E2 /* All */ = {
			isa = PBXAggregateTarget;
			buildConfigurationList = CA63566208617CB1004DBEB6 /* Build configuration list for PBXAggregateTarget "All" */;
			buildPhases = (
			);
			buildSettings = {
				PRODUCT_NAME = All;
			};
			dependencies = (
				CA31B57408337D2D00C0F4E2 /* PBXTargetDependency */,
				CA336A5D0854EC8500D134ED /* PBXTargetDependency */,
			);
			name = All;
			productName = All;
		};
/* End PBXAggregateTarget section */

/* Begin PBXBuildFile section */
		CA31B56308337C5000C0F4E2 /* k2oplay.c in Sources */ = {isa = PBXBuildFile; fileRef = CA31B55C08337C1D00C0F4E2 /* k2oplay.c */; };
		CA336A780854EE6700D134ED /* k2olog.c in Sources */ = {isa = PBXBuildFile; fileRef = CA3CB6E5084DE34E0021291F /* k2olog.c */; };
		CA3BD1C00841D224009C738A /* k2orec.c in Sources */ = {isa = PBXBuildFile; fileRef = CA3BD16C0841C967009C738A /* k2orec.c */; };
		CA3CB6E7084DE34E0021291F /* k2olog.c in Sources */ = {isa = PBXBuildFile; fileRef = CA3CB6E5084DE34E0021291F /* k2olog.c */; };
		CAD5C58408D734BC00141903 /* k2odata.c in Sources */ = {isa = PBXBuildFile; fileRef = CAD5C58308D734BC00141903 /* k2odata.c */; };
		CAD5C58508D734BC00141903 /* k2odata.c in Sources */ = {isa = PBXBuildFile; fileRef = CAD5C58308D734BC00141903 /* k2odata.c */; };
/* End PBXBuildFile section */

/* Begin PBXBuildStyle section */
		CA31B51608337B0300C0F4E2 /* Development */ = {
			isa = PBXBuildStyle;
			buildSettings = {
				COPY_PHASE_STRIP = NO;
				WARNING_CFLAGS = (
					"-Wall",
					"-Wno-long-double",
				);
			};
			name = Development;
		};
		CA31B51708337B0300C0F4E2 /* Deployment */ = {
			isa = PBXBuildStyle;
			buildSettings = {
				COPY_PHASE_STRIP = YES;
				WARNING_CFLAGS = "-Wno-long-double";
			};
			name = Deployment;
		};
/* End PBXBuildStyle section */

/* Begin PBXContainerItemProxy section */
		CA31B57308337D2D00C0F4E2 /* PBXContainerItemProxy */ = {
			isa = PBXContainerItemProxy;
			containerPortal = CA31B51808337B0300C0F4E2 /* Project object */;
			proxyType = 1;
			remoteGlobalIDString = CA31B55508337C0200C0F4E2;
			remoteInfo = k2oplay;
		};
		CA336A5C0854EC8500D134ED /* PBXContainerItemProxy */ = {
			isa = PBXContainerItemProxy;
			containerPortal = CA31B51808337B0300C0F4E2 /* Project object */;
			proxyType = 1;
			remoteGlobalIDString = CA3BD19E0841D1E1009C738A;
			remoteInfo = k2orec_2;
		};
/* End PBXContainerItemProxy section */

/* Begin PBXFileReference section */
		CA31B55608337C0200C0F4E2 /* k2oplay */ = {isa = PBXFileReference; explicitFileType = "compiled.mach-o.executable"; includeInIndex = 0; path = k2oplay; sourceTree = BUILT_PRODUCTS_DIR; };
		CA31B55C08337C1D00C0F4E2 /* k2oplay.c */ = {isa = PBXFileReference; fileEncoding = 30; lastKnownFileType = sourcecode.c.c; path = k2oplay.c; sourceTree = "<group>"; };
		CA3BD16C0841C967009C738A /* k2orec.c */ = {isa = PBXFileReference; fileEncoding = 4; lastKnownFileType = sourcecode.c.c; path = k2orec.c; sourceTree = "<group>"; };
		CA3BD19F0841D1E1009C738A /* k2orec */ = {isa = PBXFileReference; explicitFileType = "compiled.mach-o.executable"; includeInIndex = 0; path = k2orec; sourceTree = BUILT_PRODUCTS_DIR; };
		CA3CB6C7084DDEAE0021291F /* configure.in */ = {isa = PBXFileReference; fileEncoding = 30; lastKnownFileType = text; path = configure.in; sourceTree = "<group>"; };
		CA3CB6E5084DE34E0021291F /* k2olog.c */ = {isa = PBXFileReference; fileEncoding = 4; lastKnownFileType = sourcecode.c.c; path = k2olog.c; sourceTree = "<group>"; };
		CAD19E680842450800A1AE49 /* DEVEL.client */ = {isa = PBXFileReference; fileEncoding = 30; lastKnownFileType = text; path = DEVEL.client; sourceTree = "<group>"; };
		CAD19EB908427FE000A1AE49 /* TODO.txt */ = {isa = PBXFileReference; fileEncoding = 30; lastKnownFileType = text; path = TODO.txt; sourceTree = "<group>"; };
		CAD5C58308D734BC00141903 /* k2odata.c */ = {isa = PBXFileReference; fileEncoding = 4; lastKnownFileType = sourcecode.c.c; path = k2odata.c; sourceTree = "<group>"; };
/* End PBXFileReference section */

/* Begin PBXFrameworksBuildPhase section */
		CA31B55408337C0200C0F4E2 /* Frameworks */ = {
			isa = PBXFrameworksBuildPhase;
			buildActionMask = 2147483647;
			files = (
			);
			runOnlyForDeploymentPostprocessing = 0;
		};
		CA3BD19D0841D1E1009C738A /* Frameworks */ = {
			isa = PBXFrameworksBuildPhase;
			buildActionMask = 2147483647;
			files = (
			);
			runOnlyForDeploymentPostprocessing = 0;
		};
/* End PBXFrameworksBuildPhase section */

/* Begin PBXGroup section */
		CA31B51408337B0300C0F4E2 = {
			isa = PBXGroup;
			children = (
				CA3CB6C7084DDEAE0021291F /* configure.in */,
				CA3CB6DE084DDF470021291F /* src */,
				CA3CB6DD084DDF070021291F /* doc */,
				CA31B53508337BB100C0F4E2 /* Products */,
			);
			sourceTree = "<group>";
		};
		CA31B53508337BB100C0F4E2 /* Products */ = {
			isa = PBXGroup;
			children = (
				CA31B55608337C0200C0F4E2 /* k2oplay */,
				CA3BD19F0841D1E1009C738A /* k2orec */,
			);
			name = Products;
			sourceTree = "<group>";
		};
		CA3CB6DD084DDF070021291F /* doc */ = {
			isa = PBXGroup;
			children = (
				CAD19E680842450800A1AE49 /* DEVEL.client */,
				CAD19EB908427FE000A1AE49 /* TODO.txt */,
			);
			name = doc;
			sourceTree = "<group>";
		};
		CA3CB6DE084DDF470021291F /* src */ = {
			isa = PBXGroup;
			children = (
				CA31B55C08337C1D00C0F4E2 /* k2oplay.c */,
				CA3BD16C0841C967009C738A /* k2orec.c */,
				CA3CB6E5084DE34E0021291F /* k2olog.c */,
				CAD5C58308D734BC00141903 /* k2odata.c */,
			);
			path = src;
			sourceTree = "<group>";
		};
/* End PBXGroup section */

/* Begin PBXNativeTarget section */
		CA31B55508337C0200C0F4E2 /* k2oplay */ = {
			isa = PBXNativeTarget;
			buildConfigurationList = CA63565A08617CB1004DBEB6 /* Build configuration list for PBXNativeTarget "k2oplay" */;
			buildPhases = (
				CA31B55308337C0200C0F4E2 /* Sources */,
				CA31B55408337C0200C0F4E2 /* Frameworks */,
			);
			buildRules = (
			);
			buildSettings = {
				HEADER_SEARCH_PATHS = (
					.,
					liblo,
				);
				OTHER_LDFLAGS = "-llo";
				PRODUCT_NAME = k2oplay;
			};
			dependencies = (
			);
			name = k2oplay;
			productName = k2oplay;
			productReference = CA31B55608337C0200C0F4E2 /* k2oplay */;
			productType = "com.apple.product-type.tool";
		};
		CA3BD19E0841D1E1009C738A /* k2orec */ = {
			isa = PBXNativeTarget;
			buildConfigurationList = CA63565E08617CB1004DBEB6 /* Build configuration list for PBXNativeTarget "k2orec" */;
			buildPhases = (
				CA3BD19C0841D1E1009C738A /* Sources */,
				CA3BD19D0841D1E1009C738A /* Frameworks */,
			);
			buildRules = (
			);
			buildSettings = {
				HEADER_SEARCH_PATHS = (
					.,
					liblo,
				);
				PRODUCT_NAME = k2orec;
				WARNING_LDFLAGS = "-llo";
			};
			dependencies = (
			);
			name = k2orec;
			productName = k2orec_2;
			productReference = CA3BD19F0841D1E1009C738A /* k2orec */;
			productType = "com.apple.product-type.tool";
		};
/* End PBXNativeTarget section */

/* Begin PBXProject section */
		CA31B51808337B0300C0F4E2 /* Project object */ = {
			isa = PBXProject;
			buildConfigurationList = CA63566608617CB1004DBEB6 /* Build configuration list for PBXProject "k2o" */;
			buildSettings = {
			};
			buildStyles = (
				CA31B51608337B0300C0F4E2 /* Development */,
				CA31B51708337B0300C0F4E2 /* Deployment */,
			);
			hasScannedForEncodings = 0;
			mainGroup = CA31B51408337B0300C0F4E2;
			productRefGroup = CA31B53508337BB100C0F4E2 /* Products */;
			projectDirPath = "";
			targets = (
				CA31B56C08337D2000C0F4E2 /* All */,
				CA31B55508337C0200C0F4E2 /* k2oplay */,
				CA3BD19E0841D1E1009C738A /* k2orec */,
			);
		};
/* End PBXProject section */

/* Begin PBXSourcesBuildPhase section */
		CA31B55308337C0200C0F4E2 /* Sources */ = {
			isa = PBXSourcesBuildPhase;
			buildActionMask = 2147483647;
			files = (
				CA31B56308337C5000C0F4E2 /* k2oplay.c in Sources */,
				CA3CB6E7084DE34E0021291F /* k2olog.c in Sources */,
				CAD5C58408D734BC00141903 /* k2odata.c in Sources */,
			);
			runOnlyForDeploymentPostprocessing = 0;
		};
		CA3BD19C0841D1E1009C738A /* Sources */ = {
			isa = PBXSourcesBuildPhase;
			buildActionMask = 2147483647;
			files = (
				CA3BD1C00841D224009C738A /* k2orec.c in Sources */,
				CA336A780854EE6700D134ED /* k2olog.c in Sources */,
				CAD5C58508D734BC00141903 /* k2odata.c in Sources */,
			);
			runOnlyForDeploymentPostprocessing = 0;
		};
/* End PBXSourcesBuildPhase section */

/* Begin PBXTargetDependency section */
		CA31B57408337D2D00C0F4E2 /* PBXTargetDependency */ = {
			isa = PBXTargetDependency;
			target = CA31B55508337C0200C0F4E2 /* k2oplay */;
			targetProxy = CA31B57308337D2D00C0F4E2 /* PBXContainerItemProxy */;
		};
		CA336A5D0854EC8500D134ED /* PBXTargetDependency */ = {
			isa = PBXTargetDependency;
			target = CA3BD19E0841D1E1009C738A /* k2orec */;
			targetProxy = CA336A5C0854EC8500D134ED /* PBXContainerItemProxy */;
		};
/* End PBXTargetDependency section */

/* Begin XCBuildConfiguration section */
		CA63565B08617CB1004DBEB6 /* Development */ = {
			isa = XCBuildConfiguration;
			buildSettings = {
				COPY_PHASE_STRIP = NO;
				HEADER_SEARCH_PATHS = .;
				OTHER_LDFLAGS = "-llo";
				PRODUCT_NAME = k2oplay;
				WARNING_CFLAGS = (
					"-Wall",
					"-Wno-long-double",
				);
			};
			name = Development;
		};
		CA63565C08617CB1004DBEB6 /* Deployment */ = {
			isa = XCBuildConfiguration;
			buildSettings = {
				COPY_PHASE_STRIP = YES;
				HEADER_SEARCH_PATHS = .;
				OTHER_LDFLAGS = "-llo";
				PRODUCT_NAME = k2oplay;
				WARNING_CFLAGS = "-Wno-long-double";
			};
			name = Deployment;
		};
		CA63565D08617CB1004DBEB6 /* Default */ = {
			isa = XCBuildConfiguration;
			buildSettings = {
				HEADER_SEARCH_PATHS = .;
				OTHER_LDFLAGS = "-llo";
				PRODUCT_NAME = k2oplay;
			};
			name = Default;
		};
		CA63565F08617CB1004DBEB6 /* Development */ = {
			isa = XCBuildConfiguration;
			buildSettings = {
				COPY_PHASE_STRIP = NO;
				HEADER_SEARCH_PATHS = .;
				PRODUCT_NAME = k2orec;
				WARNING_CFLAGS = (
					"-Wall",
					"-Wno-long-double",
				);
				WARNING_LDFLAGS = "-llo";
			};
			name = Development;
		};
		CA63566008617CB1004DBEB6 /* Deployment */ = {
			isa = XCBuildConfiguration;
			buildSettings = {
				COPY_PHASE_STRIP = YES;
				HEADER_SEARCH_PATHS = .;
				PRODUCT_NAME = k2orec;
				WARNING_CFLAGS = "-Wno-long-double";
				WARNING_LDFLAGS = "-llo";
			};
			name = Deployment;
		};
		CA63566108617CB1004DBEB6 /* Default */ = {
			isa = XCBuildConfiguration;
			buildSettings = {
				HEADER_SEARCH_PATHS = .;
				PRODUCT_NAME = k2orec;
				WARNING_LDFLAGS = "-llo";
			};
			name = Default;
		};
		CA63566308617CB1004DBEB6 /* Development */ = {
			isa = XCBuildConfiguration;
			buildSettings = {
				COPY_PHASE_STRIP = NO;
				PRODUCT_NAME = All;
				WARNING_CFLAGS = (
					"-Wall",
					"-Wno-long-double",
				);
			};
			name = Development;
		};
		CA63566408617CB1004DBEB6 /* Deployment */ = {
			isa = XCBuildConfiguration;
			buildSettings = {
				COPY_PHASE_STRIP = YES;
				PRODUCT_NAME = All;
				WARNING_CFLAGS = "-Wno-long-double";
			};
			name = Deployment;
		};
		CA63566508617CB1004DBEB6 /* Default */ = {
			isa = XCBuildConfiguration;
			buildSettings = {
				PRODUCT_NAME = All;
			};
			name = Default;
		};
		CA63566708617CB1004DBEB6 /* Development */ = {
			isa = XCBuildConfiguration;
			buildSettings = {
				GCC_OPTIMIZATION_LEVEL = 0;
			};
			name = Development;
		};
		CA63566808617CB1004DBEB6 /* Deployment */ = {
			isa = XCBuildConfiguration;
			buildSettings = {
				GCC_OPTIMIZATION_LEVEL = 0;
			};
			name = Deployment;
		};
		CA63566908617CB1004DBEB6 /* Default */ = {
			isa = XCBuildConfiguration;
			buildSettings = {
				GCC_OPTIMIZATION_LEVEL = 0;
			};
			name = Default;
		};
/* End XCBuildConfiguration section */

/* Begin XCConfigurationList section */
		CA63565A08617CB1004DBEB6 /* Build configuration list for PBXNativeTarget "k2oplay" */ = {
			isa = XCConfigurationList;
			buildConfigurations = (
				CA63565B08617CB1004DBEB6 /* Development */,
				CA63565C08617CB1004DBEB6 /* Deployment */,
				CA63565D08617CB1004DBEB6 /* Default */,
			);
			defaultConfigurationIsVisible = 0;
			defaultConfigurationName = Default;
		};
		CA63565E08617CB1004DBEB6 /* Build configuration list for PBXNativeTarget "k2orec" */ = {
			isa = XCConfigurationList;
			buildConfigurations = (
				CA63565F08617CB1004DBEB6 /* Development */,
				CA63566008617CB1004DBEB6 /* Deployment */,
				CA63566108617CB1004DBEB6 /* Default */,
			);
			defaultConfigurationIsVisible = 0;
			defaultConfigurationName = Default;
		};
		CA63566208617CB1004DBEB6 /* Build configuration list for PBXAggregateTarget "All" */ = {
			isa = XCConfigurationList;
			buildConfigurations = (
				CA63566308617CB1004DBEB6 /* Development */,
				CA63566408617CB1004DBEB6 /* Deployment */,
				CA63566508617CB1004DBEB6 /* Default */,
			);
			defaultConfigurationIsVisible = 0;
			defaultConfigurationName = Default;
		};
		CA63566608617CB1004DBEB6 /* Build configuration list for PBXProject "k2o" */ = {
			isa = XCConfigurationList;
			buildConfigurations = (
				CA63566708617CB1004DBEB6 /* Development */,
				CA63566808617CB1004DBEB6 /* Deployment */,
				CA63566908617CB1004DBEB6 /* Default */,
			);
			defaultConfigurationIsVisible = 0;
			defaultConfigurationName = Default;
		};
/* End XCConfigurationList section */
	};
	rootObject = CA31B51808337B0300C0F4E2 /* Project object */;
}
